
Microsoft Visual Studio Solution File, Format Version 12.00
# Visual Studio Version 16
VisualStudioVersion = 16.0.31112.23
MinimumVisualStudioVersion = 10.0.40219.1
Project("{9A19103F-16F7-4668-BE54-9A1E7A4F7556}") = "Scraps", "Scraps\Scraps.csproj", "{E0CEE374-D38F-4C95-8C66-E3905613AD54}"
EndProject
Project("{9A19103F-16F7-4668-BE54-9A1E7A4F7556}") = "Scraps.Plugins.VoteInPolls", "Scraps.Plugins.VoteInPolls\Scraps.Plugins.VoteInPolls.csproj", "{AEA314F8-B2D7-44AF-9F5C-DE873AB8D130}"
EndProject
Project("{9A19103F-16F7-4668-BE54-9A1E7A4F7556}") = "Scraps.Plugins.CommentOnRaffles", "Scraps.Plugins.CommentOnRaffles\Scraps.Plugins.CommentOnRaffles.csproj", "{D1355FD9-024E-49E2-9065-2A7EDF14F80F}"
EndProject
Project("{FAE04EC0-301F-11D3-BF4B-00C04F79EFBC}") = "Scraps.Plugins.ApiServer", "Scraps.Plugins.ApiServer\Scraps.Plugins.ApiServer.csproj", "{AF2535C5-9758-46F7-B0CF-B6E4793938EF}"
EndProject
Global
	GlobalSection(SolutionConfigurationPlatforms) = preSolution
		Debug|Any CPU = Debug|Any CPU
		Release|Any CPU = Release|Any CPU
	EndGlobalSection
	GlobalSection(ProjectConfigurationPlatforms) = postSolution
		{E0CEE374-D38F-4C95-8C66-E3905613AD54}.Debug|Any CPU.ActiveCfg = Debug|Any CPU
		{E0CEE374-D38F-4C95-8C66-E3905613AD54}.Debug|Any CPU.Build.0 = Debug|Any CPU
		{E0CEE374-D38F-4C95-8C66-E3905613AD54}.Release|Any CPU.ActiveCfg = Release|Any CPU
		{E0CEE374-D38F-4C95-8C66-E3905613AD54}.Release|Any CPU.Build.0 = Release|Any CPU
		{AEA314F8-B2D7-44AF-9F5C-DE873AB8D130}.Debug|Any CPU.ActiveCfg = Debug|Any CPU
		{AEA314F8-B2D7-44AF-9F5C-DE873AB8D130}.Debug|Any CPU.Build.0 = Debug|Any CPU
		{AEA314F8-B2D7-44AF-9F5C-DE873AB8D130}.Release|Any CPU.ActiveCfg = Release|Any CPU
		{AEA314F8-B2D7-44AF-9F5C-DE873AB8D130}.Release|Any CPU.Build.0 = Release|Any CPU
		{D1355FD9-024E-49E2-9065-2A7EDF14F80F}.Debug|Any CPU.ActiveCfg = Debug|Any CPU
		{D1355FD9-024E-49E2-9065-2A7EDF14F80F}.Debug|Any CPU.Build.0 = Debug|Any CPU
		{D1355FD9-024E-49E2-9065-2A7EDF14F80F}.Release|Any CPU.ActiveCfg = Release|Any CPU
		{D1355FD9-024E-49E2-9065-2A7EDF14F80F}.Release|Any CPU.Build.0 = Release|Any CPU
		{AF2535C5-9758-46F7-B0CF-B6E4793938EF}.Debug|Any CPU.ActiveCfg = Debug|Any CPU
		{AF2535C5-9758-46F7-B0CF-B6E4793938EF}.Debug|Any CPU.Build.0 = Debug|Any CPU
		{AF2535C5-9758-46F7-B0CF-B6E4793938EF}.Release|Any CPU.ActiveCfg = Release|Any CPU
		{AF2535C5-9758-46F7-B0CF-B6E4793938EF}.Release|Any CPU.Build.0 = Release|Any CPU
	EndGlobalSection
	GlobalSection(SolutionProperties) = preSolution
		HideSolutionNode = FALSE
	EndGlobalSection
	GlobalSection(ExtensibilityGlobals) = postSolution
		SolutionGuid = {5CF54F79-4F13-425F-A8FA-608CB977F5B9}
	EndGlobalSection
EndGlobal
